{
  "name": "jev-cu-jp",
  "version": "0.2.2",
  "lockfileVersion": 3,
  "requires": true,
  "packages": {
    "": {
      "name": "jev-cu-jp",
      "version": "0.2.2",
      "license": "MIT",
      "bin": {
        "jev-cu-jp": "scripts/cli.mjs"
      },
      "engines": {
        "node": ">=20"
      }
    }
  }
}
